
Microsoft Visual Studio Solution File, Format Version 12.00
# Visual Studio Version 17
VisualStudioVersion = 17.13.35931.197 d17.13
MinimumVisualStudioVersion = 10.0.40219.1
Project("{FAE04EC0-301F-11D3-BF4B-00C04F79EFBC}") = "YamYamBusanApp", "YamYamBusanApp\YamYamBusanApp.csproj", "{101ADE54-957B-4665-9E2F-AE0DCB6CC9EA}"
EndProject
Global
	GlobalSection(SolutionConfigurationPlatforms) = preSolution
		Debug|Any CPU = Debug|Any CPU
		Release|Any CPU = Release|Any CPU
	EndGlobalSection
	GlobalSection(ProjectConfigurationPlatforms) = postSolution
		{101ADE54-957B-4665-9E2F-AE0DCB6CC9EA}.Debug|Any CPU.ActiveCfg = Debug|Any CPU
		{101ADE54-957B-4665-9E2F-AE0DCB6CC9EA}.Debug|Any CPU.Build.0 = Debug|Any CPU
		{101ADE54-957B-4665-9E2F-AE0DCB6CC9EA}.Release|Any CPU.ActiveCfg = Release|Any CPU
		{101ADE54-957B-4665-9E2F-AE0DCB6CC9EA}.Release|Any CPU.Build.0 = Release|Any CPU
	EndGlobalSection
	GlobalSection(SolutionProperties) = preSolution
		HideSolutionNode = FALSE
	EndGlobalSection
	GlobalSection(ExtensibilityGlobals) = postSolution
		SolutionGuid = {1B403EC0-DBB7-480F-B56C-94236A42CBD4}
	EndGlobalSection
EndGlobal
