
Microsoft Visual Studio Solution File, Format Version 12.00
# Visual Studio Version 17
VisualStudioVersion = 17.13.35931.197
MinimumVisualStudioVersion = 10.0.40219.1
Project("{FAE04EC0-301F-11D3-BF4B-00C04F79EFBC}") = "WpfBasicApp01", "WpfBasicApp01\WpfBasicApp01.csproj", "{AB516277-D09A-49BC-92E3-CF2A3BB43737}"
EndProject
Project("{FAE04EC0-301F-11D3-BF4B-00C04F79EFBC}") = "WpfBookRentalShop01", "WpfBookRentalShop01\WpfBookRentalShop01.csproj", "{7F1669EE-DDA6-42F3-A6AF-D728BA861AA6}"
EndProject
Global
	GlobalSection(SolutionConfigurationPlatforms) = preSolution
		Debug|Any CPU = Debug|Any CPU
		Release|Any CPU = Release|Any CPU
	EndGlobalSection
	GlobalSection(ProjectConfigurationPlatforms) = postSolution
		{AB516277-D09A-49BC-92E3-CF2A3BB43737}.Debug|Any CPU.ActiveCfg = Debug|Any CPU
		{AB516277-D09A-49BC-92E3-CF2A3BB43737}.Debug|Any CPU.Build.0 = Debug|Any CPU
		{AB516277-D09A-49BC-92E3-CF2A3BB43737}.Release|Any CPU.ActiveCfg = Release|Any CPU
		{AB516277-D09A-49BC-92E3-CF2A3BB43737}.Release|Any CPU.Build.0 = Release|Any CPU
		{7F1669EE-DDA6-42F3-A6AF-D728BA861AA6}.Debug|Any CPU.ActiveCfg = Debug|Any CPU
		{7F1669EE-DDA6-42F3-A6AF-D728BA861AA6}.Debug|Any CPU.Build.0 = Debug|Any CPU
		{7F1669EE-DDA6-42F3-A6AF-D728BA861AA6}.Release|Any CPU.ActiveCfg = Release|Any CPU
		{7F1669EE-DDA6-42F3-A6AF-D728BA861AA6}.Release|Any CPU.Build.0 = Release|Any CPU
	EndGlobalSection
	GlobalSection(SolutionProperties) = preSolution
		HideSolutionNode = FALSE
	EndGlobalSection
	GlobalSection(ExtensibilityGlobals) = postSolution
		SolutionGuid = {0A98BE18-2A67-4781-945F-88298FD0E357}
	EndGlobalSection
EndGlobal
